
Microsoft Visual Studio Solution File, Format Version 12.00
# Visual Studio Version 16
VisualStudioVersion = 16.0.29911.84
MinimumVisualStudioVersion = 10.0.40219.1
Project("{FAE04EC0-301F-11D3-BF4B-00C04F79EFBC}") = "Pedido", "Pedido\Pedido.csproj", "{D295467C-DB80-43B5-8AF5-55E915329B77}"
EndProject
Global
	GlobalSection(SolutionConfigurationPlatforms) = preSolution
		Debug|Any CPU = Debug|Any CPU
		Release|Any CPU = Release|Any CPU
	EndGlobalSection
	GlobalSection(ProjectConfigurationPlatforms) = postSolution
		{D295467C-DB80-43B5-8AF5-55E915329B77}.Debug|Any CPU.ActiveCfg = Debug|Any CPU
		{D295467C-DB80-43B5-8AF5-55E915329B77}.Debug|Any CPU.Build.0 = Debug|Any CPU
		{D295467C-DB80-43B5-8AF5-55E915329B77}.Release|Any CPU.ActiveCfg = Release|Any CPU
		{D295467C-DB80-43B5-8AF5-55E915329B77}.Release|Any CPU.Build.0 = Release|Any CPU
	EndGlobalSection
	GlobalSection(SolutionProperties) = preSolution
		HideSolutionNode = FALSE
	EndGlobalSection
	GlobalSection(ExtensibilityGlobals) = postSolution
		SolutionGuid = {238FA370-B4F1-46C1-BD97-414A55D164F1}
	EndGlobalSection
EndGlobal
